
Microsoft Visual Studio Solution File, Format Version 12.00
# Visual Studio Version 16
VisualStudioVersion = 16.0.29521.150
MinimumVisualStudioVersion = 10.0.40219.1
Project("{FAE04EC0-301F-11D3-BF4B-00C04F79EFBC}") = "Monopoly", "Monopoly\Monopoly.csproj", "{B3CB526C-4981-4FE8-AC71-AC8E69088AA9}"
EndProject
Global
	GlobalSection(SolutionConfigurationPlatforms) = preSolution
		Debug|Any CPU = Debug|Any CPU
		Release|Any CPU = Release|Any CPU
	EndGlobalSection
	GlobalSection(ProjectConfigurationPlatforms) = postSolution
		{B3CB526C-4981-4FE8-AC71-AC8E69088AA9}.Debug|Any CPU.ActiveCfg = Debug|Any CPU
		{B3CB526C-4981-4FE8-AC71-AC8E69088AA9}.Debug|Any CPU.Build.0 = Debug|Any CPU
		{B3CB526C-4981-4FE8-AC71-AC8E69088AA9}.Release|Any CPU.ActiveCfg = Release|Any CPU
		{B3CB526C-4981-4FE8-AC71-AC8E69088AA9}.Release|Any CPU.Build.0 = Release|Any CPU
	EndGlobalSection
	GlobalSection(SolutionProperties) = preSolution
		HideSolutionNode = FALSE
	EndGlobalSection
	GlobalSection(ExtensibilityGlobals) = postSolution
		SolutionGuid = {C659EC29-5243-4432-A806-02F193E34A4C}
	EndGlobalSection
EndGlobal
